Microsoft Visual Studio Solution File, Format Version 11.00
# Visual Studio 2008

Project("{32614B05-912F-FEAE-42DE-ACEFA9C5663A}") = "LoveGunProject-master", "Assembly-CSharp.csproj", "{45AFD0A1-0F27-BE3E-9CDC-580C28A15182}"
EndProject
Global
	GlobalSection(SolutionConfigurationPlatforms) = preSolution
		Debug|Any CPU = Debug|Any CPU
		Release|Any CPU = Release|Any CPU
	EndGlobalSection
	GlobalSection(ProjectConfigurationPlatforms) = postSolution
		{45AFD0A1-0F27-BE3E-9CDC-580C28A15182}.Debug|Any CPU.ActiveCfg = Debug|Any CPU
		{45AFD0A1-0F27-BE3E-9CDC-580C28A15182}.Debug|Any CPU.Build.0 = Debug|Any CPU
		{45AFD0A1-0F27-BE3E-9CDC-580C28A15182}.Release|Any CPU.ActiveCfg = Release|Any CPU
		{45AFD0A1-0F27-BE3E-9CDC-580C28A15182}.Release|Any CPU.Build.0 = Release|Any CPU
	EndGlobalSection
	GlobalSection(SolutionProperties) = preSolution
		HideSolutionNode = FALSE
	EndGlobalSection
	GlobalSection(MonoDevelopProperties) = preSolution
		StartupItem = Assembly-CSharp.csproj
	EndGlobalSection
EndGlobal
