Microsoft Visual Studio Solution File, Format Version 11.00
# Visual Studio 2008

Project("{36574E8A-ED36-CCE6-F2E7-78BAE3EB0DED}") = "Team-Harambe-GPS2-master", "Assembly-CSharp.csproj", "{5DAA4F07-A039-B10D-672B-361497CAC395}"
EndProject
Global
	GlobalSection(SolutionConfigurationPlatforms) = preSolution
		Debug|Any CPU = Debug|Any CPU
		Release|Any CPU = Release|Any CPU
	EndGlobalSection
	GlobalSection(ProjectConfigurationPlatforms) = postSolution
		{5DAA4F07-A039-B10D-672B-361497CAC395}.Debug|Any CPU.ActiveCfg = Debug|Any CPU
		{5DAA4F07-A039-B10D-672B-361497CAC395}.Debug|Any CPU.Build.0 = Debug|Any CPU
		{5DAA4F07-A039-B10D-672B-361497CAC395}.Release|Any CPU.ActiveCfg = Release|Any CPU
		{5DAA4F07-A039-B10D-672B-361497CAC395}.Release|Any CPU.Build.0 = Release|Any CPU
	EndGlobalSection
	GlobalSection(SolutionProperties) = preSolution
		HideSolutionNode = FALSE
	EndGlobalSection
	GlobalSection(MonoDevelopProperties) = preSolution
		StartupItem = Assembly-CSharp.csproj
	EndGlobalSection
EndGlobal
