Microsoft Visual Studio Solution File, Format Version 11.00
# Visual Studio 2008

Project("{1CFFCC96-7DCC-ECAE-1196-92FF83087424}") = "Team-Harambe-GPS2", "Assembly-CSharp.csproj", "{FE1EDAF3-5684-07B0-6BEB-ED5B9C62E9C5}"
EndProject
Global
	GlobalSection(SolutionConfigurationPlatforms) = preSolution
		Debug|Any CPU = Debug|Any CPU
		Release|Any CPU = Release|Any CPU
	EndGlobalSection
	GlobalSection(ProjectConfigurationPlatforms) = postSolution
		{FE1EDAF3-5684-07B0-6BEB-ED5B9C62E9C5}.Debug|Any CPU.ActiveCfg = Debug|Any CPU
		{FE1EDAF3-5684-07B0-6BEB-ED5B9C62E9C5}.Debug|Any CPU.Build.0 = Debug|Any CPU
		{FE1EDAF3-5684-07B0-6BEB-ED5B9C62E9C5}.Release|Any CPU.ActiveCfg = Release|Any CPU
		{FE1EDAF3-5684-07B0-6BEB-ED5B9C62E9C5}.Release|Any CPU.Build.0 = Release|Any CPU
	EndGlobalSection
	GlobalSection(SolutionProperties) = preSolution
		HideSolutionNode = FALSE
	EndGlobalSection
	GlobalSection(MonoDevelopProperties) = preSolution
		StartupItem = Assembly-CSharp.csproj
	EndGlobalSection
EndGlobal
